
Microsoft Visual Studio Solution File, Format Version 12.00
# Visual Studio Version 17
VisualStudioVersion = 17.2.32616.157
MinimumVisualStudioVersion = 10.0.40219.1
Project("{9A19103F-16F7-4668-BE54-9A1E7A4F7556}") = "NetDevPack.Fido2.EntityFramework.Store", "NetDevPack.Fido2.EntityFramework.Store\NetDevPack.Fido2.EntityFramework.Store.csproj", "{A33D492B-0A7A-4C36-9A0F-1160A321E625}"
EndProject
Project("{2150E333-8FDC-42A3-9474-1A3956D46DE8}") = "demo", "demo", "{EFC298AE-D56F-4B48-AF44-C41BC6FD3EF7}"
EndProject
Project("{9A19103F-16F7-4668-BE54-9A1E7A4F7556}") = "Fido2.Passwordless", "..\demo\Fido2.Passwordless\Fido2.Passwordless.csproj", "{F43AD8A2-9D4F-44F9-BC08-A7D89D189612}"
EndProject
Global
	GlobalSection(SolutionConfigurationPlatforms) = preSolution
		Debug|Any CPU = Debug|Any CPU
		Release|Any CPU = Release|Any CPU
	EndGlobalSection
	GlobalSection(ProjectConfigurationPlatforms) = postSolution
		{A33D492B-0A7A-4C36-9A0F-1160A321E625}.Debug|Any CPU.ActiveCfg = Debug|Any CPU
		{A33D492B-0A7A-4C36-9A0F-1160A321E625}.Debug|Any CPU.Build.0 = Debug|Any CPU
		{A33D492B-0A7A-4C36-9A0F-1160A321E625}.Release|Any CPU.ActiveCfg = Release|Any CPU
		{A33D492B-0A7A-4C36-9A0F-1160A321E625}.Release|Any CPU.Build.0 = Release|Any CPU
		{F43AD8A2-9D4F-44F9-BC08-A7D89D189612}.Debug|Any CPU.ActiveCfg = Debug|Any CPU
		{F43AD8A2-9D4F-44F9-BC08-A7D89D189612}.Debug|Any CPU.Build.0 = Debug|Any CPU
		{F43AD8A2-9D4F-44F9-BC08-A7D89D189612}.Release|Any CPU.ActiveCfg = Release|Any CPU
		{F43AD8A2-9D4F-44F9-BC08-A7D89D189612}.Release|Any CPU.Build.0 = Release|Any CPU
	EndGlobalSection
	GlobalSection(SolutionProperties) = preSolution
		HideSolutionNode = FALSE
	EndGlobalSection
	GlobalSection(NestedProjects) = preSolution
		{F43AD8A2-9D4F-44F9-BC08-A7D89D189612} = {EFC298AE-D56F-4B48-AF44-C41BC6FD3EF7}
	EndGlobalSection
	GlobalSection(ExtensibilityGlobals) = postSolution
		SolutionGuid = {3FCAFD34-75EB-4818-9741-90E8ACCFD268}
	EndGlobalSection
EndGlobal
